<?xml version="1.0" encoding="utf-8"?>
<Project ToolsVersion="4.0" xmlns="http://schemas.microsoft.com/developer/msbuild/2003">
  <ItemGroup>
    <Filter Include="Source Files">
      <UniqueIdentifier>{4FC737F1-C7A5-4376-A066-2A32D752A2FF}</UniqueIdentifier>
      <Extensions>cpp;c;cc;cxx;def;odl;idl;hpj;bat;asm;asmx</Extensions>
    </Filter>
    <Filter Include="Header Files">
      <UniqueIdentifier>{93995380-89BD-4b04-88EB-625FBE52EBFB}</UniqueIdentifier>
      <Extensions>h;hh;hpp;hxx;hm;inl;inc;xsd</Extensions>
    </Filter>
    <Filter Include="Resource Files">
      <UniqueIdentifier>{67DA6AB6-F800-4c08-8B7A-83BB121AAD01}</UniqueIdentifier>
      <Extensions>rc;ico;cur;bmp;dlg;rc2;rct;bin;rgs;gif;jpg;jpeg;jpe;resx;tiff;tif;png;wav;mfcribbon-ms</Extensions>
    </Filter>
    <Filter Include="Definitions">
      <UniqueIdentifier>{ec7a9ccc-3e8e-430d-b230-144c974dd8c2}</UniqueIdentifier>
    </Filter>
    <Filter Include="Scripts">
      <UniqueIdentifier>{771644a0-398b-424e-a25a-4a2b7906dfcd}</UniqueIdentifier>
    </Filter>
  </ItemGroup>
  <ItemGroup>
    <Text Include="QL_in_BNF.txt">
      <Filter>Definitions</Filter>
    </Text>
    <Text Include="QL_bytecode.txt">
      <Filter>Definitions</Filter>
    </Text>
    <Text Include="QL_Objectformat.txt">
      <Filter>Definitions</Filter>
    </Text>
  </ItemGroup>
  <ItemGroup>
    <ClInclude Include="stdafx.h">
      <Filter>Header Files</Filter>
    </ClInclude>
    <ClInclude Include="targetver.h">
      <Filter>Header Files</Filter>
    </ClInclude>
    <ClInclude Include="Resource.h">
      <Filter>Header Files</Filter>
    </ClInclude>
    <ClInclude Include="QL_vm.h">
      <Filter>Header Files</Filter>
    </ClInclude>
    <ClInclude Include="QL_Scanner.h">
      <Filter>Header Files</Filter>
    </ClInclude>
    <ClInclude Include="QL_Exception.h">
      <Filter>Header Files</Filter>
    </ClInclude>
    <ClInclude Include="QL_Debugger.h">
      <Filter>Header Files</Filter>
    </ClInclude>
    <ClInclude Include="QL_Language.h">
      <Filter>Header Files</Filter>
    </ClInclude>
    <ClInclude Include="QL_Opcodes.h">
      <Filter>Header Files</Filter>
    </ClInclude>
    <ClInclude Include="QL_Compiler.h">
      <Filter>Header Files</Filter>
    </ClInclude>
    <ClInclude Include="QL_Interpreter.h">
      <Filter>Header Files</Filter>
    </ClInclude>
    <ClInclude Include="QL_Objects.h">
      <Filter>Header Files</Filter>
    </ClInclude>
    <ClInclude Include="QL_Functions.h">
      <Filter>Header Files</Filter>
    </ClInclude>
  </ItemGroup>
  <ItemGroup>
    <ClCompile Include="stdafx.cpp">
      <Filter>Source Files</Filter>
    </ClCompile>
    <ClCompile Include="QL++Language2.cpp">
      <Filter>Source Files</Filter>
    </ClCompile>
    <ClCompile Include="QL_vm.cpp">
      <Filter>Source Files</Filter>
    </ClCompile>
    <ClCompile Include="QL_Scanner.cpp">
      <Filter>Source Files</Filter>
    </ClCompile>
    <ClCompile Include="QL_Exception.cpp">
      <Filter>Source Files</Filter>
    </ClCompile>
    <ClCompile Include="QL_Debugger.cpp">
      <Filter>Source Files</Filter>
    </ClCompile>
    <ClCompile Include="QL_Compiler.cpp">
      <Filter>Source Files</Filter>
    </ClCompile>
    <ClCompile Include="QL_Interpreter.cpp">
      <Filter>Source Files</Filter>
    </ClCompile>
    <ClCompile Include="QL_Objects.cpp">
      <Filter>Source Files</Filter>
    </ClCompile>
    <ClCompile Include="QL_Functions.cpp">
      <Filter>Source Files</Filter>
    </ClCompile>
    <ClCompile Include="QL_vm_write.cpp">
      <Filter>Source Files</Filter>
    </ClCompile>
    <ClCompile Include="QL_vm_read.cpp">
      <Filter>Source Files</Filter>
    </ClCompile>
  </ItemGroup>
  <ItemGroup>
    <ResourceCompile Include="QL++Language2.rc">
      <Filter>Resource Files</Filter>
    </ResourceCompile>
  </ItemGroup>
  <ItemGroup>
    <None Include="test_float.ql">
      <Filter>Scripts</Filter>
    </None>
    <None Include="test_locals.ql">
      <Filter>Scripts</Filter>
    </None>
    <None Include="test_object.qob">
      <Filter>Scripts</Filter>
    </None>
    <None Include="test_switch.ql">
      <Filter>Scripts</Filter>
    </None>
    <None Include="test_basic.ql">
      <Filter>Scripts</Filter>
    </None>
    <None Include="test_for_loop.ql">
      <Filter>Scripts</Filter>
    </None>
    <None Include="test_call.ql">
      <Filter>Scripts</Filter>
    </None>
    <None Include="test_recurse.ql">
      <Filter>Scripts</Filter>
    </None>
    <None Include="test_objects.ql">
      <Filter>Scripts</Filter>
    </None>
    <None Include="test_object.ql">
      <Filter>Scripts</Filter>
    </None>
    <None Include="test_array.ql">
      <Filter>Scripts</Filter>
    </None>
    <None Include="test_stringarray.ql">
      <Filter>Scripts</Filter>
    </None>
    <None Include="test_square.ql">
      <Filter>Scripts</Filter>
    </None>
    <None Include="test_database.ql">
      <Filter>Scripts</Filter>
    </None>
    <None Include="readme.md">
      <Filter>Resource Files</Filter>
    </None>
  </ItemGroup>
</Project>