
Microsoft Visual Studio Solution File, Format Version 12.00
# Visual Studio Version 16
VisualStudioVersion = 16.0.30309.148
MinimumVisualStudioVersion = 10.0.40219.1
Project("{8BC9CEB8-8B4A-11D0-8D11-00A0C91BC942}") = "QL_Language", "QL\QL_Language.vcxproj", "{69E3D6AD-D883-461B-979F-A7E15834DEDA}"
EndProject
Project("{2150E333-8FDC-42A3-9474-1A3956D46DE8}") = "Definitions", "Definitions", "{4EE868AE-02CE-466C-BFF7-DD0F1D0D1F31}"
	ProjectSection(SolutionItems) = preProject
		Build_Instructions.txt = Build_Instructions.txt
		QL_bytecode.txt = QL_bytecode.txt
		QL_in_BNF.txt = QL_in_BNF.txt
		QL_Objectformat.txt = QL_Objectformat.txt
		readme.md = readme.md
	EndProjectSection
EndProject
Project("{8BC9CEB8-8B4A-11D0-8D11-00A0C91BC942}") = "UnitTests", "UnitTests\UnitTests.vcxproj", "{D142A8AC-F593-4874-8CEB-5229BE5ABB1E}"
	ProjectSection(ProjectDependencies) = postProject
		{69E3D6AD-D883-461B-979F-A7E15834DEDA} = {69E3D6AD-D883-461B-979F-A7E15834DEDA}
	EndProjectSection
EndProject
Project("{2150E333-8FDC-42A3-9474-1A3956D46DE8}") = "Include", "Include", "{9BBAF37A-B20B-47F4-AA81-BC31A4EBE529}"
EndProject
Project("{2150E333-8FDC-42A3-9474-1A3956D46DE8}") = "SQLComponents", "SQLComponents", "{A192D5AC-2F4D-4491-A0E9-A2868E8D3DF0}"
	ProjectSection(SolutionItems) = preProject
		Include\SQLComponents\BasicExcel.h = Include\SQLComponents\BasicExcel.h
		Include\SQLComponents\BasicXmlExcel.h = Include\SQLComponents\BasicXmlExcel.h
		Include\SQLComponents\bcd.h = Include\SQLComponents\bcd.h
		Include\SQLComponents\ConvertWideString.h = Include\SQLComponents\ConvertWideString.h
		Include\SQLComponents\CrackURL.h = Include\SQLComponents\CrackURL.h
		Include\SQLComponents\DDLCreateTable.h = Include\SQLComponents\DDLCreateTable.h
		Include\SQLComponents\DefuseBOM.h = Include\SQLComponents\DefuseBOM.h
		Include\SQLComponents\ExcelFormat.h = Include\SQLComponents\ExcelFormat.h
		Include\SQLComponents\FileBuffer.h = Include\SQLComponents\FileBuffer.h
		Include\SQLComponents\Locker.h = Include\SQLComponents\Locker.h
		Include\SQLComponents\Namespace.h = Include\SQLComponents\Namespace.h
		Include\SQLComponents\SQLAssociation.h = Include\SQLComponents\SQLAssociation.h
		Include\SQLComponents\SQLAutoDBS.h = Include\SQLComponents\SQLAutoDBS.h
		Include\SQLComponents\SQLColumnInfo.h = Include\SQLComponents\SQLColumnInfo.h
		Include\SQLComponents\SQLComponents.h = Include\SQLComponents\SQLComponents.h
		Include\SQLComponents\SQLComponentsVersion.h = Include\SQLComponents\SQLComponentsVersion.h
		Include\SQLComponents\SQLConnections.h = Include\SQLComponents\SQLConnections.h
		Include\SQLComponents\SQLDatabase.h = Include\SQLComponents\SQLDatabase.h
		Include\SQLComponents\SQLDatabasePool.h = Include\SQLComponents\SQLDatabasePool.h
		Include\SQLComponents\SQLDataSet.h = Include\SQLComponents\SQLDataSet.h
		Include\SQLComponents\SQLDataSetXLS.h = Include\SQLComponents\SQLDataSetXLS.h
		Include\SQLComponents\SQLDate.h = Include\SQLComponents\SQLDate.h
		Include\SQLComponents\SQLDriverManager.h = Include\SQLComponents\SQLDriverManager.h
		Include\SQLComponents\SQLError.h = Include\SQLComponents\SQLError.h
		Include\SQLComponents\SQLFilter.h = Include\SQLComponents\SQLFilter.h
		Include\SQLComponents\SQLFormatErrors.h = Include\SQLComponents\SQLFormatErrors.h
		Include\SQLComponents\SQLFunction.h = Include\SQLComponents\SQLFunction.h
		Include\SQLComponents\SQLGetExePath.h = Include\SQLComponents\SQLGetExePath.h
		Include\SQLComponents\SQLGuid.h = Include\SQLComponents\SQLGuid.h
		Include\SQLComponents\SQLInfo.h = Include\SQLComponents\SQLInfo.h
		Include\SQLComponents\SQLInfoAccess.h = Include\SQLComponents\SQLInfoAccess.h
		Include\SQLComponents\SQLInfoDB.h = Include\SQLComponents\SQLInfoDB.h
		Include\SQLComponents\SQLInfoFirebird.h = Include\SQLComponents\SQLInfoFirebird.h
		Include\SQLComponents\SQLInfoGenericODBC.h = Include\SQLComponents\SQLInfoGenericODBC.h
		Include\SQLComponents\SQLInfoInformix.h = Include\SQLComponents\SQLInfoInformix.h
		Include\SQLComponents\SQLInfoMySQL.h = Include\SQLComponents\SQLInfoMySQL.h
		Include\SQLComponents\SQLInfoOracle.h = Include\SQLComponents\SQLInfoOracle.h
		Include\SQLComponents\SQLInfoPostgreSQL.h = Include\SQLComponents\SQLInfoPostgreSQL.h
		Include\SQLComponents\SQLInfoSQLServer.h = Include\SQLComponents\SQLInfoSQLServer.h
		Include\SQLComponents\SQLInterval.h = Include\SQLComponents\SQLInterval.h
		Include\SQLComponents\SQLLanguage.h = Include\SQLComponents\SQLLanguage.h
		Include\SQLComponents\SQLMemoryDebug.h = Include\SQLComponents\SQLMemoryDebug.h
		Include\SQLComponents\SQLMetaInfo.h = Include\SQLComponents\SQLMetaInfo.h
		Include\SQLComponents\SQLMutation.h = Include\SQLComponents\SQLMutation.h
		Include\SQLComponents\SQLOperator.h = Include\SQLComponents\SQLOperator.h
		Include\SQLComponents\SQLQuery.h = Include\SQLComponents\SQLQuery.h
		Include\SQLComponents\SQLRecord.h = Include\SQLComponents\SQLRecord.h
		Include\SQLComponents\SQLStatement.h = Include\SQLComponents\SQLStatement.h
		Include\SQLComponents\SQLTime.h = Include\SQLComponents\SQLTime.h
		Include\SQLComponents\SQLTimestamp.h = Include\SQLComponents\SQLTimestamp.h
		Include\SQLComponents\SQLTimestampExtract.h = Include\SQLComponents\SQLTimestampExtract.h
		Include\SQLComponents\SQLTransaction.h = Include\SQLComponents\SQLTransaction.h
		Include\SQLComponents\SQLVariant.h = Include\SQLComponents\SQLVariant.h
		Include\SQLComponents\SQLVariantFormat.h = Include\SQLComponents\SQLVariantFormat.h
		Include\SQLComponents\SQLVariantOperator.h = Include\SQLComponents\SQLVariantOperator.h
		Include\SQLComponents\SQLVariantTrim.h = Include\SQLComponents\SQLVariantTrim.h
		Include\SQLComponents\SQLWrappers.h = Include\SQLComponents\SQLWrappers.h
		Include\SQLComponents\stdafx.h = Include\SQLComponents\stdafx.h
		Include\SQLComponents\stdafx_org.h = Include\SQLComponents\stdafx_org.h
		Include\SQLComponents\StdException.h = Include\SQLComponents\StdException.h
		Include\SQLComponents\targetver.h = Include\SQLComponents\targetver.h
		Include\SQLComponents\unzip.h = Include\SQLComponents\unzip.h
		Include\SQLComponents\xmem.h = Include\SQLComponents\xmem.h
		Include\SQLComponents\XMLDataType.h = Include\SQLComponents\XMLDataType.h
		Include\SQLComponents\XMLMessage.h = Include\SQLComponents\XMLMessage.h
		Include\SQLComponents\XMLParser.h = Include\SQLComponents\XMLParser.h
		Include\SQLComponents\XMLRestriction.h = Include\SQLComponents\XMLRestriction.h
		Include\SQLComponents\XMLTemporal.h = Include\SQLComponents\XMLTemporal.h
	EndProjectSection
EndProject
Global
	GlobalSection(SolutionConfigurationPlatforms) = preSolution
		Debug|Win32 = Debug|Win32
		Debug|x64 = Debug|x64
		Release|Win32 = Release|Win32
		Release|x64 = Release|x64
	EndGlobalSection
	GlobalSection(ProjectConfigurationPlatforms) = postSolution
		{69E3D6AD-D883-461B-979F-A7E15834DEDA}.Debug|Win32.ActiveCfg = Debug|Win32
		{69E3D6AD-D883-461B-979F-A7E15834DEDA}.Debug|Win32.Build.0 = Debug|Win32
		{69E3D6AD-D883-461B-979F-A7E15834DEDA}.Debug|x64.ActiveCfg = Debug|x64
		{69E3D6AD-D883-461B-979F-A7E15834DEDA}.Debug|x64.Build.0 = Debug|x64
		{69E3D6AD-D883-461B-979F-A7E15834DEDA}.Release|Win32.ActiveCfg = Release|Win32
		{69E3D6AD-D883-461B-979F-A7E15834DEDA}.Release|Win32.Build.0 = Release|Win32
		{69E3D6AD-D883-461B-979F-A7E15834DEDA}.Release|x64.ActiveCfg = Release|x64
		{69E3D6AD-D883-461B-979F-A7E15834DEDA}.Release|x64.Build.0 = Release|x64
		{D142A8AC-F593-4874-8CEB-5229BE5ABB1E}.Debug|Win32.ActiveCfg = Debug|Win32
		{D142A8AC-F593-4874-8CEB-5229BE5ABB1E}.Debug|Win32.Build.0 = Debug|Win32
		{D142A8AC-F593-4874-8CEB-5229BE5ABB1E}.Debug|x64.ActiveCfg = Debug|x64
		{D142A8AC-F593-4874-8CEB-5229BE5ABB1E}.Debug|x64.Build.0 = Debug|x64
		{D142A8AC-F593-4874-8CEB-5229BE5ABB1E}.Release|Win32.ActiveCfg = Release|Win32
		{D142A8AC-F593-4874-8CEB-5229BE5ABB1E}.Release|Win32.Build.0 = Release|Win32
		{D142A8AC-F593-4874-8CEB-5229BE5ABB1E}.Release|x64.ActiveCfg = Release|x64
		{D142A8AC-F593-4874-8CEB-5229BE5ABB1E}.Release|x64.Build.0 = Release|x64
	EndGlobalSection
	GlobalSection(SolutionProperties) = preSolution
		HideSolutionNode = FALSE
	EndGlobalSection
	GlobalSection(NestedProjects) = preSolution
		{9BBAF37A-B20B-47F4-AA81-BC31A4EBE529} = {4EE868AE-02CE-466C-BFF7-DD0F1D0D1F31}
		{A192D5AC-2F4D-4491-A0E9-A2868E8D3DF0} = {9BBAF37A-B20B-47F4-AA81-BC31A4EBE529}
	EndGlobalSection
	GlobalSection(ExtensibilityGlobals) = postSolution
		SolutionGuid = {A9A75FAF-FE8C-4FEA-A882-15BC24C22B88}
	EndGlobalSection
EndGlobal
